
Microsoft Visual Studio Solution File, Format Version 12.00
# Visual Studio Version 17
VisualStudioVersion = 17.6.33829.357
MinimumVisualStudioVersion = 10.0.40219.1
Project("{9A19103F-16F7-4668-BE54-9A1E7A4F7556}") = "WebAPI_Labs", "WebAPI_Labs\WebAPI_Labs.csproj", "{429E5A8F-571A-4B9A-8A58-C51453F45592}"
EndProject
Project("{E53339B2-1760-4266-BCC7-CA923CBCF16C}") = "docker-compose", "docker-compose.dcproj", "{EBD06AE8-E52D-4130-BEA8-B0661B0A9993}"
EndProject
Global
	GlobalSection(SolutionConfigurationPlatforms) = preSolution
		Debug|Any CPU = Debug|Any CPU
		Release|Any CPU = Release|Any CPU
	EndGlobalSection
	GlobalSection(ProjectConfigurationPlatforms) = postSolution
		{429E5A8F-571A-4B9A-8A58-C51453F45592}.Debug|Any CPU.ActiveCfg = Debug|Any CPU
		{429E5A8F-571A-4B9A-8A58-C51453F45592}.Debug|Any CPU.Build.0 = Debug|Any CPU
		{429E5A8F-571A-4B9A-8A58-C51453F45592}.Release|Any CPU.ActiveCfg = Release|Any CPU
		{429E5A8F-571A-4B9A-8A58-C51453F45592}.Release|Any CPU.Build.0 = Release|Any CPU
		{EBD06AE8-E52D-4130-BEA8-B0661B0A9993}.Debug|Any CPU.ActiveCfg = Debug|Any CPU
		{EBD06AE8-E52D-4130-BEA8-B0661B0A9993}.Debug|Any CPU.Build.0 = Debug|Any CPU
		{EBD06AE8-E52D-4130-BEA8-B0661B0A9993}.Release|Any CPU.ActiveCfg = Release|Any CPU
		{EBD06AE8-E52D-4130-BEA8-B0661B0A9993}.Release|Any CPU.Build.0 = Release|Any CPU
	EndGlobalSection
	GlobalSection(SolutionProperties) = preSolution
		HideSolutionNode = FALSE
	EndGlobalSection
	GlobalSection(ExtensibilityGlobals) = postSolution
		SolutionGuid = {AFE960B8-19D0-4AD6-BFEA-B2958D89AF4B}
	EndGlobalSection
EndGlobal
