
Microsoft Visual Studio Solution File, Format Version 12.00
# Visual Studio Version 17
VisualStudioVersion = 17.5.33414.496
MinimumVisualStudioVersion = 10.0.40219.1
Project("{FAE04EC0-301F-11D3-BF4B-00C04F79EFBC}") = "lab_5", "lab_5\lab_5.csproj", "{45EDA34F-3081-4519-B1B6-A67EB55093B6}"
EndProject
Global
	GlobalSection(SolutionConfigurationPlatforms) = preSolution
		Debug|Any CPU = Debug|Any CPU
		Release|Any CPU = Release|Any CPU
	EndGlobalSection
	GlobalSection(ProjectConfigurationPlatforms) = postSolution
		{45EDA34F-3081-4519-B1B6-A67EB55093B6}.Debug|Any CPU.ActiveCfg = Debug|Any CPU
		{45EDA34F-3081-4519-B1B6-A67EB55093B6}.Debug|Any CPU.Build.0 = Debug|Any CPU
		{45EDA34F-3081-4519-B1B6-A67EB55093B6}.Release|Any CPU.ActiveCfg = Release|Any CPU
		{45EDA34F-3081-4519-B1B6-A67EB55093B6}.Release|Any CPU.Build.0 = Release|Any CPU
	EndGlobalSection
	GlobalSection(SolutionProperties) = preSolution
		HideSolutionNode = FALSE
	EndGlobalSection
	GlobalSection(ExtensibilityGlobals) = postSolution
		SolutionGuid = {03BE898C-2C66-4429-B99D-10085955241A}
	EndGlobalSection
EndGlobal
